<?xml version="1.0" encoding="UTF-8" standalone="yes" ?>
<CodeBlocks_project_file>
	<FileVersion major="1" minor="6" />
	<Project>
		<Option title="AtdMatrix" />
		<Option pch_mode="2" />
		<Option compiler="gcc" />
		<Build>
			<Target title="Debug">
				<Option output="bin/Debug/AtdMatrix" prefix_auto="1" extension_auto="1" />
				<Option object_output="obj/Debug/" />
				<Option type="1" />
				<Option compiler="gcc" />
				<Compiler>
					<Add option="-g" />
					<Add directory="include" />
				</Compiler>
			</Target>
			<Target title="Release">
				<Option output="bin/Release/AtdMatrix" prefix_auto="1" extension_auto="1" />
				<Option object_output="obj/Release/" />
				<Option type="1" />
				<Option compiler="gcc" />
				<Compiler>
					<Add option="-O2" />
					<Add directory="include" />
				</Compiler>
				<Linker>
					<Add option="-s" />
				</Linker>
			</Target>
		</Build>
		<Compiler>
			<Add option="-Wall" />
			<Add option="-fexceptions" />
		</Compiler>
		<Unit filename="include/matrix2d.h" />
		<Unit filename="include/matrixantisimetrica.h" />
		<Unit filename="include/matrixlinear.h" />
		<Unit filename="include/matrixsimetrica.h" />
		<Unit filename="include/matrixtridiag.h" />
		<Unit filename="include/matrixtritop.h" />
		<Unit filename="main.cpp" />
		<Unit filename="src/matrix2d.cpp" />
		<Unit filename="src/matrixantisimetrica.cpp" />
		<Unit filename="src/matrixlinear.cpp" />
		<Unit filename="src/matrixsimetrica.cpp" />
		<Unit filename="src/matrixtridiag.cpp" />
		<Unit filename="src/matrixtritop.cpp" />
		<Extensions>
			<lib_finder disable_auto="1" />
		</Extensions>
	</Project>
</CodeBlocks_project_file>
